// !$*UTF8*$!
{
	archiveVersion = 1;
	classes = {
	};
	objectVersion = 46;
	objects = {

/* Begin PBXBuildFile section */
		A1B7244A17160FC100D2F592 /* Foundation.framework in Frameworks */ = {isa = PBXBuildFile; fileRef = A1B7244917160FC100D2F592 /* Foundation.framework */; };
		A1B7245C17160FC100D2F592 /* Foundation.framework in Frameworks */ = {isa = PBXBuildFile; fileRef = A1B7244917160FC100D2F592 /* Foundation.framework */; };
		A1B7245F17160FC100D2F592 /* libPlatformKit.a in Frameworks */ = {isa = PBXBuildFile; fileRef = A1B7244617160FC100D2F592 /* libPlatformKit.a */; };
		A1B7246517160FC100D2F592 /* InfoPlist.strings in Resources */ = {isa = PBXBuildFile; fileRef = A1B7246317160FC100D2F592 /* InfoPlist.strings */; };
		A1B7246817160FC100D2F592 /* PlatformKitTests.m in Sources */ = {isa = PBXBuildFile; fileRef = A1B7246717160FC100D2F592 /* PlatformKitTests.m */; };
		A1F733251AF847A8008DC00A /* CFNetwork.framework in Frameworks */ = {isa = PBXBuildFile; fileRef = A1F733241AF847A8008DC00A /* CFNetwork.framework */; };
		A1F733271AF847AB008DC00A /* libz.dylib in Frameworks */ = {isa = PBXBuildFile; fileRef = A1F733261AF847AB008DC00A /* libz.dylib */; };
		A1FD25971C5A47D20070C3FF /* PKWebServiceClient.m in Sources */ = {isa = PBXBuildFile; fileRef = A1FD25961C5A47D20070C3FF /* PKWebServiceClient.m */; };
		A1FD259A1C5A4A890070C3FF /* PKChordGestureRecognizer.m in Sources */ = {isa = PBXBuildFile; fileRef = A1FD25991C5A4A890070C3FF /* PKChordGestureRecognizer.m */; };
		A1FD25B91C5A4E7E0070C3FF /* NSArray+PKExtensions.m in Sources */ = {isa = PBXBuildFile; fileRef = A1FD25A01C5A4E7E0070C3FF /* NSArray+PKExtensions.m */; };
		A1FD25BA1C5A4E7E0070C3FF /* NSArray+PKExtensions.m in Sources */ = {isa = PBXBuildFile; fileRef = A1FD25A01C5A4E7E0070C3FF /* NSArray+PKExtensions.m */; };
		A1FD25BB1C5A4E7E0070C3FF /* NSData+PKExtensions.m in Sources */ = {isa = PBXBuildFile; fileRef = A1FD25A21C5A4E7E0070C3FF /* NSData+PKExtensions.m */; };
		A1FD25BC1C5A4E7E0070C3FF /* NSData+PKExtensions.m in Sources */ = {isa = PBXBuildFile; fileRef = A1FD25A21C5A4E7E0070C3FF /* NSData+PKExtensions.m */; };
		A1FD25BD1C5A4E7E0070C3FF /* NSDictionary+PKExtensions.m in Sources */ = {isa = PBXBuildFile; fileRef = A1FD25A41C5A4E7E0070C3FF /* NSDictionary+PKExtensions.m */; };
		A1FD25BE1C5A4E7E0070C3FF /* NSDictionary+PKExtensions.m in Sources */ = {isa = PBXBuildFile; fileRef = A1FD25A41C5A4E7E0070C3FF /* NSDictionary+PKExtensions.m */; };
		A1FD25BF1C5A4E7E0070C3FF /* NSMutableArray+PKExtensions.m in Sources */ = {isa = PBXBuildFile; fileRef = A1FD25A61C5A4E7E0070C3FF /* NSMutableArray+PKExtensions.m */; };
		A1FD25C01C5A4E7E0070C3FF /* NSMutableArray+PKExtensions.m in Sources */ = {isa = PBXBuildFile; fileRef = A1FD25A61C5A4E7E0070C3FF /* NSMutableArray+PKExtensions.m */; };
		A1FD25C11C5A4E7E0070C3FF /* NSMutableDictionary+PKExtensions.m in Sources */ = {isa = PBXBuildFile; fileRef = A1FD25A81C5A4E7E0070C3FF /* NSMutableDictionary+PKExtensions.m */; };
		A1FD25C21C5A4E7E0070C3FF /* NSMutableDictionary+PKExtensions.m in Sources */ = {isa = PBXBuildFile; fileRef = A1FD25A81C5A4E7E0070C3FF /* NSMutableDictionary+PKExtensions.m */; };
		A1FD25C31C5A4E7E0070C3FF /* NSMutableSet+PKExtensions.m in Sources */ = {isa = PBXBuildFile; fileRef = A1FD25AA1C5A4E7E0070C3FF /* NSMutableSet+PKExtensions.m */; };
		A1FD25C41C5A4E7E0070C3FF /* NSMutableSet+PKExtensions.m in Sources */ = {isa = PBXBuildFile; fileRef = A1FD25AA1C5A4E7E0070C3FF /* NSMutableSet+PKExtensions.m */; };
		A1FD25C51C5A4E7E0070C3FF /* NSObject+PKExtensions.m in Sources */ = {isa = PBXBuildFile; fileRef = A1FD25AC1C5A4E7E0070C3FF /* NSObject+PKExtensions.m */; };
		A1FD25C61C5A4E7E0070C3FF /* NSObject+PKExtensions.m in Sources */ = {isa = PBXBuildFile; fileRef = A1FD25AC1C5A4E7E0070C3FF /* NSObject+PKExtensions.m */; };
		A1FD25C71C5A4E7E0070C3FF /* NSString+PKExtensions.m in Sources */ = {isa = PBXBuildFile; fileRef = A1FD25AE1C5A4E7E0070C3FF /* NSString+PKExtensions.m */; };
		A1FD25C81C5A4E7E0070C3FF /* NSString+PKExtensions.m in Sources */ = {isa = PBXBuildFile; fileRef = A1FD25AE1C5A4E7E0070C3FF /* NSString+PKExtensions.m */; };
		A1FD25C91C5A4E7E0070C3FF /* NSTimer+PKExtensions.m in Sources */ = {isa = PBXBuildFile; fileRef = A1FD25B01C5A4E7E0070C3FF /* NSTimer+PKExtensions.m */; };
		A1FD25CA1C5A4E7E0070C3FF /* NSTimer+PKExtensions.m in Sources */ = {isa = PBXBuildFile; fileRef = A1FD25B01C5A4E7E0070C3FF /* NSTimer+PKExtensions.m */; };
		A1FD25CB1C5A4E7E0070C3FF /* PKMulticastDelegate.m in Sources */ = {isa = PBXBuildFile; fileRef = A1FD25B41C5A4E7E0070C3FF /* PKMulticastDelegate.m */; };
		A1FD25CC1C5A4E7E0070C3FF /* PKMulticastDelegate.m in Sources */ = {isa = PBXBuildFile; fileRef = A1FD25B41C5A4E7E0070C3FF /* PKMulticastDelegate.m */; };
		A1FD25CD1C5A4E7E0070C3FF /* PKTimeSpan.m in Sources */ = {isa = PBXBuildFile; fileRef = A1FD25B61C5A4E7E0070C3FF /* PKTimeSpan.m */; };
		A1FD25CE1C5A4E7E0070C3FF /* PKTimeSpan.m in Sources */ = {isa = PBXBuildFile; fileRef = A1FD25B61C5A4E7E0070C3FF /* PKTimeSpan.m */; };
		A1FD25CF1C5A4E7E0070C3FF /* PKUUID.m in Sources */ = {isa = PBXBuildFile; fileRef = A1FD25B81C5A4E7E0070C3FF /* PKUUID.m */; };
		A1FD25D01C5A4E7E0070C3FF /* PKUUID.m in Sources */ = {isa = PBXBuildFile; fileRef = A1FD25B81C5A4E7E0070C3FF /* PKUUID.m */; };
		A1FF2AA61AF9B4260010CDFF /* PlatformKitMac.h in Headers */ = {isa = PBXBuildFile; fileRef = A1FF2AA51AF9B4260010CDFF /* PlatformKitMac.h */; settings = {ATTRIBUTES = (Public, ); }; };
		A1FF2AAC1AF9B4270010CDFF /* PlatformKitMac.framework in Frameworks */ = {isa = PBXBuildFile; fileRef = A1FF2AA11AF9B4260010CDFF /* PlatformKitMac.framework */; };
		A1FF2AB31AF9B4270010CDFF /* PlatformKitMacTests.m in Sources */ = {isa = PBXBuildFile; fileRef = A1FF2AB21AF9B4270010CDFF /* PlatformKitMacTests.m */; };
		A1FF2AD51AF9B47A0010CDFF /* libz.dylib in Frameworks */ = {isa = PBXBuildFile; fileRef = A1FF2AD41AF9B47A0010CDFF /* libz.dylib */; };
		A1FF2AD61AF9B4860010CDFF /* libz.dylib in Frameworks */ = {isa = PBXBuildFile; fileRef = A1FF2AD41AF9B47A0010CDFF /* libz.dylib */; };
/* End PBXBuildFile section */

/* Begin PBXContainerItemProxy section */
		A1B7245D17160FC100D2F592 /* PBXContainerItemProxy */ = {
			isa = PBXContainerItemProxy;
			containerPortal = A1B7243E17160FC100D2F592 /* Project object */;
			proxyType = 1;
			remoteGlobalIDString = A1B7244517160FC100D2F592;
			remoteInfo = PlatformKit;
		};
		A1FF2AAD1AF9B4270010CDFF /* PBXContainerItemProxy */ = {
			isa = PBXContainerItemProxy;
			containerPortal = A1B7243E17160FC100D2F592 /* Project object */;
			proxyType = 1;
			remoteGlobalIDString = A1FF2AA01AF9B4260010CDFF;
			remoteInfo = PlatformKitMac;
		};
/* End PBXContainerItemProxy section */

/* Begin PBXCopyFilesBuildPhase section */
		A1B7244417160FC100D2F592 /* CopyFiles */ = {
			isa = PBXCopyFilesBuildPhase;
			buildActionMask = 2147483647;
			dstPath = "include/${PRODUCT_NAME}";
			dstSubfolderSpec = 16;
			files = (
			);
			runOnlyForDeploymentPostprocessing = 0;
		};
/* End PBXCopyFilesBuildPhase section */

/* Begin PBXFileReference section */
		A1B7244617160FC100D2F592 /* libPlatformKit.a */ = {isa = PBXFileReference; explicitFileType = archive.ar; includeInIndex = 0; path = libPlatformKit.a; sourceTree = BUILT_PRODUCTS_DIR; };
		A1B7244917160FC100D2F592 /* Foundation.framework */ = {isa = PBXFileReference; lastKnownFileType = wrapper.framework; name = Foundation.framework; path = System/Library/Frameworks/Foundation.framework; sourceTree = SDKROOT; };
		A1B7245717160FC100D2F592 /* PlatformKitTests.xctest */ = {isa = PBXFileReference; explicitFileType = wrapper.cfbundle; includeInIndex = 0; path = PlatformKitTests.xctest; sourceTree = BUILT_PRODUCTS_DIR; };
		A1B7246217160FC100D2F592 /* PlatformKitTests-Info.plist */ = {isa = PBXFileReference; lastKnownFileType = text.plist.xml; path = "PlatformKitTests-Info.plist"; sourceTree = "<group>"; };
		A1B7246417160FC100D2F592 /* en */ = {isa = PBXFileReference; lastKnownFileType = text.plist.strings; name = en; path = en.lproj/InfoPlist.strings; sourceTree = "<group>"; };
		A1B7246617160FC100D2F592 /* PlatformKitTests.h */ = {isa = PBXFileReference; lastKnownFileType = sourcecode.c.h; path = PlatformKitTests.h; sourceTree = "<group>"; };
		A1B7246717160FC100D2F592 /* PlatformKitTests.m */ = {isa = PBXFileReference; lastKnownFileType = sourcecode.c.objc; path = PlatformKitTests.m; sourceTree = "<group>"; };
		A1F733241AF847A8008DC00A /* CFNetwork.framework */ = {isa = PBXFileReference; lastKnownFileType = wrapper.framework; name = CFNetwork.framework; path = System/Library/Frameworks/CFNetwork.framework; sourceTree = SDKROOT; };
		A1F733261AF847AB008DC00A /* libz.dylib */ = {isa = PBXFileReference; lastKnownFileType = "compiled.mach-o.dylib"; name = libz.dylib; path = usr/lib/libz.dylib; sourceTree = SDKROOT; };
		A1FD25951C5A47D20070C3FF /* PKWebServiceClient.h */ = {isa = PBXFileReference; fileEncoding = 4; lastKnownFileType = sourcecode.c.h; name = PKWebServiceClient.h; path = Network/PKWebServiceClient.h; sourceTree = "<group>"; };
		A1FD25961C5A47D20070C3FF /* PKWebServiceClient.m */ = {isa = PBXFileReference; fileEncoding = 4; lastKnownFileType = sourcecode.c.objc; name = PKWebServiceClient.m; path = Network/PKWebServiceClient.m; sourceTree = "<group>"; };
		A1FD25981C5A4A890070C3FF /* PKChordGestureRecognizer.h */ = {isa = PBXFileReference; fileEncoding = 4; lastKnownFileType = sourcecode.c.h; name = PKChordGestureRecognizer.h; path = UI/PKChordGestureRecognizer.h; sourceTree = "<group>"; };
		A1FD25991C5A4A890070C3FF /* PKChordGestureRecognizer.m */ = {isa = PBXFileReference; fileEncoding = 4; lastKnownFileType = sourcecode.c.objc; name = PKChordGestureRecognizer.m; path = UI/PKChordGestureRecognizer.m; sourceTree = "<group>"; };
		A1FD259F1C5A4E7E0070C3FF /* NSArray+PKExtensions.h */ = {isa = PBXFileReference; fileEncoding = 4; lastKnownFileType = sourcecode.c.h; path = "NSArray+PKExtensions.h"; sourceTree = "<group>"; };
		A1FD25A01C5A4E7E0070C3FF /* NSArray+PKExtensions.m */ = {isa = PBXFileReference; fileEncoding = 4; lastKnownFileType = sourcecode.c.objc; path = "NSArray+PKExtensions.m"; sourceTree = "<group>"; };
		A1FD25A11C5A4E7E0070C3FF /* NSData+PKExtensions.h */ = {isa = PBXFileReference; fileEncoding = 4; lastKnownFileType = sourcecode.c.h; path = "NSData+PKExtensions.h"; sourceTree = "<group>"; };
		A1FD25A21C5A4E7E0070C3FF /* NSData+PKExtensions.m */ = {isa = PBXFileReference; fileEncoding = 4; lastKnownFileType = sourcecode.c.objc; path = "NSData+PKExtensions.m"; sourceTree = "<group>"; };
		A1FD25A31C5A4E7E0070C3FF /* NSDictionary+PKExtensions.h */ = {isa = PBXFileReference; fileEncoding = 4; lastKnownFileType = sourcecode.c.h; path = "NSDictionary+PKExtensions.h"; sourceTree = "<group>"; };
		A1FD25A41C5A4E7E0070C3FF /* NSDictionary+PKExtensions.m */ = {isa = PBXFileReference; fileEncoding = 4; lastKnownFileType = sourcecode.c.objc; path = "NSDictionary+PKExtensions.m"; sourceTree = "<group>"; };
		A1FD25A51C5A4E7E0070C3FF /* NSMutableArray+PKExtensions.h */ = {isa = PBXFileReference; fileEncoding = 4; lastKnownFileType = sourcecode.c.h; path = "NSMutableArray+PKExtensions.h"; sourceTree = "<group>"; };
		A1FD25A61C5A4E7E0070C3FF /* NSMutableArray+PKExtensions.m */ = {isa = PBXFileReference; fileEncoding = 4; lastKnownFileType = sourcecode.c.objc; path = "NSMutableArray+PKExtensions.m"; sourceTree = "<group>"; };
		A1FD25A71C5A4E7E0070C3FF /* NSMutableDictionary+PKExtensions.h */ = {isa = PBXFileReference; fileEncoding = 4; lastKnownFileType = sourcecode.c.h; path = "NSMutableDictionary+PKExtensions.h"; sourceTree = "<group>"; };
		A1FD25A81C5A4E7E0070C3FF /* NSMutableDictionary+PKExtensions.m */ = {isa = PBXFileReference; fileEncoding = 4; lastKnownFileType = sourcecode.c.objc; path = "NSMutableDictionary+PKExtensions.m"; sourceTree = "<group>"; };
		A1FD25A91C5A4E7E0070C3FF /* NSMutableSet+PKExtensions.h */ = {isa = PBXFileReference; fileEncoding = 4; lastKnownFileType = sourcecode.c.h; path = "NSMutableSet+PKExtensions.h"; sourceTree = "<group>"; };
		A1FD25AA1C5A4E7E0070C3FF /* NSMutableSet+PKExtensions.m */ = {isa = PBXFileReference; fileEncoding = 4; lastKnownFileType = sourcecode.c.objc; path = "NSMutableSet+PKExtensions.m"; sourceTree = "<group>"; };
		A1FD25AB1C5A4E7E0070C3FF /* NSObject+PKExtensions.h */ = {isa = PBXFileReference; fileEncoding = 4; lastKnownFileType = sourcecode.c.h; path = "NSObject+PKExtensions.h"; sourceTree = "<group>"; };
		A1FD25AC1C5A4E7E0070C3FF /* NSObject+PKExtensions.m */ = {isa = PBXFileReference; fileEncoding = 4; lastKnownFileType = sourcecode.c.objc; path = "NSObject+PKExtensions.m"; sourceTree = "<group>"; };
		A1FD25AD1C5A4E7E0070C3FF /* NSString+PKExtensions.h */ = {isa = PBXFileReference; fileEncoding = 4; lastKnownFileType = sourcecode.c.h; path = "NSString+PKExtensions.h"; sourceTree = "<group>"; };
		A1FD25AE1C5A4E7E0070C3FF /* NSString+PKExtensions.m */ = {isa = PBXFileReference; fileEncoding = 4; lastKnownFileType = sourcecode.c.objc; path = "NSString+PKExtensions.m"; sourceTree = "<group>"; };
		A1FD25AF1C5A4E7E0070C3FF /* NSTimer+PKExtensions.h */ = {isa = PBXFileReference; fileEncoding = 4; lastKnownFileType = sourcecode.c.h; path = "NSTimer+PKExtensions.h"; sourceTree = "<group>"; };
		A1FD25B01C5A4E7E0070C3FF /* NSTimer+PKExtensions.m */ = {isa = PBXFileReference; fileEncoding = 4; lastKnownFileType = sourcecode.c.objc; path = "NSTimer+PKExtensions.m"; sourceTree = "<group>"; };
		A1FD25B11C5A4E7E0070C3FF /* PKDictionarySerializable.h */ = {isa = PBXFileReference; fileEncoding = 4; lastKnownFileType = sourcecode.c.h; path = PKDictionarySerializable.h; sourceTree = "<group>"; };
		A1FD25B21C5A4E7E0070C3FF /* PKFormEncodingSerializable.h */ = {isa = PBXFileReference; fileEncoding = 4; lastKnownFileType = sourcecode.c.h; path = PKFormEncodingSerializable.h; sourceTree = "<group>"; };
		A1FD25B31C5A4E7E0070C3FF /* PKMulticastDelegate.h */ = {isa = PBXFileReference; fileEncoding = 4; lastKnownFileType = sourcecode.c.h; path = PKMulticastDelegate.h; sourceTree = "<group>"; };
		A1FD25B41C5A4E7E0070C3FF /* PKMulticastDelegate.m */ = {isa = PBXFileReference; fileEncoding = 4; lastKnownFileType = sourcecode.c.objc; path = PKMulticastDelegate.m; sourceTree = "<group>"; };
		A1FD25B51C5A4E7E0070C3FF /* PKTimeSpan.h */ = {isa = PBXFileReference; fileEncoding = 4; lastKnownFileType = sourcecode.c.h; path = PKTimeSpan.h; sourceTree = "<group>"; };
		A1FD25B61C5A4E7E0070C3FF /* PKTimeSpan.m */ = {isa = PBXFileReference; fileEncoding = 4; lastKnownFileType = sourcecode.c.objc; path = PKTimeSpan.m; sourceTree = "<group>"; };
		A1FD25B71C5A4E7E0070C3FF /* PKUUID.h */ = {isa = PBXFileReference; fileEncoding = 4; lastKnownFileType = sourcecode.c.h; path = PKUUID.h; sourceTree = "<group>"; };
		A1FD25B81C5A4E7E0070C3FF /* PKUUID.m */ = {isa = PBXFileReference; fileEncoding = 4; lastKnownFileType = sourcecode.c.objc; path = PKUUID.m; sourceTree = "<group>"; };
		A1FF2AA11AF9B4260010CDFF /* PlatformKitMac.framework */ = {isa = PBXFileReference; explicitFileType = wrapper.framework; includeInIndex = 0; path = PlatformKitMac.framework; sourceTree = BUILT_PRODUCTS_DIR; };
		A1FF2AA41AF9B4260010CDFF /* Info.plist */ = {isa = PBXFileReference; lastKnownFileType = text.plist.xml; path = Info.plist; sourceTree = "<group>"; };
		A1FF2AA51AF9B4260010CDFF /* PlatformKitMac.h */ = {isa = PBXFileReference; lastKnownFileType = sourcecode.c.h; path = PlatformKitMac.h; sourceTree = "<group>"; };
		A1FF2AAB1AF9B4260010CDFF /* PlatformKitMacTests.xctest */ = {isa = PBXFileReference; explicitFileType = wrapper.cfbundle; includeInIndex = 0; path = PlatformKitMacTests.xctest; sourceTree = BUILT_PRODUCTS_DIR; };
		A1FF2AB11AF9B4270010CDFF /* Info.plist */ = {isa = PBXFileReference; lastKnownFileType = text.plist.xml; path = Info.plist; sourceTree = "<group>"; };
		A1FF2AB21AF9B4270010CDFF /* PlatformKitMacTests.m */ = {isa = PBXFileReference; lastKnownFileType = sourcecode.c.objc; path = PlatformKitMacTests.m; sourceTree = "<group>"; };
		A1FF2AD41AF9B47A0010CDFF /* libz.dylib */ = {isa = PBXFileReference; lastKnownFileType = "compiled.mach-o.dylib"; name = libz.dylib; path = Platforms/MacOSX.platform/Developer/SDKs/MacOSX10.10.sdk/usr/lib/libz.dylib; sourceTree = DEVELOPER_DIR; };
/* End PBXFileReference section */

/* Begin PBXFrameworksBuildPhase section */
		A1B7244317160FC100D2F592 /* Frameworks */ = {
			isa = PBXFrameworksBuildPhase;
			buildActionMask = 2147483647;
			files = (
				A1B7244A17160FC100D2F592 /* Foundation.framework in Frameworks */,
			);
			runOnlyForDeploymentPostprocessing = 0;
		};
		A1B7245317160FC100D2F592 /* Frameworks */ = {
			isa = PBXFrameworksBuildPhase;
			buildActionMask = 2147483647;
			files = (
				A1F733271AF847AB008DC00A /* libz.dylib in Frameworks */,
				A1F733251AF847A8008DC00A /* CFNetwork.framework in Frameworks */,
				A1B7245C17160FC100D2F592 /* Foundation.framework in Frameworks */,
				A1B7245F17160FC100D2F592 /* libPlatformKit.a in Frameworks */,
			);
			runOnlyForDeploymentPostprocessing = 0;
		};
		A1FF2A9D1AF9B4260010CDFF /* Frameworks */ = {
			isa = PBXFrameworksBuildPhase;
			buildActionMask = 2147483647;
			files = (
				A1FF2AD51AF9B47A0010CDFF /* libz.dylib in Frameworks */,
			);
			runOnlyForDeploymentPostprocessing = 0;
		};
		A1FF2AA81AF9B4260010CDFF /* Frameworks */ = {
			isa = PBXFrameworksBuildPhase;
			buildActionMask = 2147483647;
			files = (
				A1FF2AD61AF9B4860010CDFF /* libz.dylib in Frameworks */,
				A1FF2AAC1AF9B4270010CDFF /* PlatformKitMac.framework in Frameworks */,
			);
			runOnlyForDeploymentPostprocessing = 0;
		};
/* End PBXFrameworksBuildPhase section */

/* Begin PBXGroup section */
		A1B7243D17160FC100D2F592 = {
			isa = PBXGroup;
			children = (
				A1B7244B17160FC100D2F592 /* PlatformKit */,
				A1B7246017160FC100D2F592 /* PlatformKitTests */,
				A1FF2AA21AF9B4260010CDFF /* PlatformKitMac */,
				A1FF2AAF1AF9B4270010CDFF /* PlatformKitMacTests */,
				A1B7244817160FC100D2F592 /* Frameworks */,
				A1B7244717160FC100D2F592 /* Products */,
			);
			sourceTree = "<group>";
		};
		A1B7244717160FC100D2F592 /* Products */ = {
			isa = PBXGroup;
			children = (
				A1B7244617160FC100D2F592 /* libPlatformKit.a */,
				A1B7245717160FC100D2F592 /* PlatformKitTests.xctest */,
				A1FF2AA11AF9B4260010CDFF /* PlatformKitMac.framework */,
				A1FF2AAB1AF9B4260010CDFF /* PlatformKitMacTests.xctest */,
			);
			name = Products;
			sourceTree = "<group>";
		};
		A1B7244817160FC100D2F592 /* Frameworks */ = {
			isa = PBXGroup;
			children = (
				A1FF2AD41AF9B47A0010CDFF /* libz.dylib */,
				A1F733261AF847AB008DC00A /* libz.dylib */,
				A1F733241AF847A8008DC00A /* CFNetwork.framework */,
				A1B7244917160FC100D2F592 /* Foundation.framework */,
			);
			name = Frameworks;
			sourceTree = "<group>";
		};
		A1B7244B17160FC100D2F592 /* PlatformKit */ = {
			isa = PBXGroup;
			children = (
				A1FD259D1C5A4E7E0070C3FF /* Core */,
				A1FD25941C5A47AC0070C3FF /* Network */,
				A1FD25691C5A42C70070C3FF /* UI */,
				A1B7244C17160FC100D2F592 /* Supporting Files */,
			);
			path = PlatformKit;
			sourceTree = "<group>";
		};
		A1B7244C17160FC100D2F592 /* Supporting Files */ = {
			isa = PBXGroup;
			children = (
			);
			name = "Supporting Files";
			sourceTree = "<group>";
		};
		A1B7246017160FC100D2F592 /* PlatformKitTests */ = {
			isa = PBXGroup;
			children = (
				A1B7246617160FC100D2F592 /* PlatformKitTests.h */,
				A1B7246717160FC100D2F592 /* PlatformKitTests.m */,
				A1B7246117160FC100D2F592 /* Supporting Files */,
			);
			path = PlatformKitTests;
			sourceTree = "<group>";
		};
		A1B7246117160FC100D2F592 /* Supporting Files */ = {
			isa = PBXGroup;
			children = (
				A1B7246217160FC100D2F592 /* PlatformKitTests-Info.plist */,
				A1B7246317160FC100D2F592 /* InfoPlist.strings */,
			);
			name = "Supporting Files";
			sourceTree = "<group>";
		};
		A1FD25691C5A42C70070C3FF /* UI */ = {
			isa = PBXGroup;
			children = (
				A1FD25981C5A4A890070C3FF /* PKChordGestureRecognizer.h */,
				A1FD25991C5A4A890070C3FF /* PKChordGestureRecognizer.m */,
			);
			name = UI;
			sourceTree = "<group>";
		};
		A1FD25941C5A47AC0070C3FF /* Network */ = {
			isa = PBXGroup;
			children = (
				A1FD25951C5A47D20070C3FF /* PKWebServiceClient.h */,
				A1FD25961C5A47D20070C3FF /* PKWebServiceClient.m */,
			);
			name = Network;
			sourceTree = "<group>";
		};
		A1FD259D1C5A4E7E0070C3FF /* Core */ = {
			isa = PBXGroup;
			children = (
				A1FD259E1C5A4E7E0070C3FF /* Extensions */,
				A1FD25B11C5A4E7E0070C3FF /* PKDictionarySerializable.h */,
				A1FD25B21C5A4E7E0070C3FF /* PKFormEncodingSerializable.h */,
				A1FD25B31C5A4E7E0070C3FF /* PKMulticastDelegate.h */,
				A1FD25B41C5A4E7E0070C3FF /* PKMulticastDelegate.m */,
				A1FD25B51C5A4E7E0070C3FF /* PKTimeSpan.h */,
				A1FD25B61C5A4E7E0070C3FF /* PKTimeSpan.m */,
				A1FD25B71C5A4E7E0070C3FF /* PKUUID.h */,
				A1FD25B81C5A4E7E0070C3FF /* PKUUID.m */,
			);
			path = Core;
			sourceTree = "<group>";
		};
		A1FD259E1C5A4E7E0070C3FF /* Extensions */ = {
			isa = PBXGroup;
			children = (
				A1FD259F1C5A4E7E0070C3FF /* NSArray+PKExtensions.h */,
				A1FD25A01C5A4E7E0070C3FF /* NSArray+PKExtensions.m */,
				A1FD25A11C5A4E7E0070C3FF /* NSData+PKExtensions.h */,
				A1FD25A21C5A4E7E0070C3FF /* NSData+PKExtensions.m */,
				A1FD25A31C5A4E7E0070C3FF /* NSDictionary+PKExtensions.h */,
				A1FD25A41C5A4E7E0070C3FF /* NSDictionary+PKExtensions.m */,
				A1FD25A51C5A4E7E0070C3FF /* NSMutableArray+PKExtensions.h */,
				A1FD25A61C5A4E7E0070C3FF /* NSMutableArray+PKExtensions.m */,
				A1FD25A71C5A4E7E0070C3FF /* NSMutableDictionary+PKExtensions.h */,
				A1FD25A81C5A4E7E0070C3FF /* NSMutableDictionary+PKExtensions.m */,
				A1FD25A91C5A4E7E0070C3FF /* NSMutableSet+PKExtensions.h */,
				A1FD25AA1C5A4E7E0070C3FF /* NSMutableSet+PKExtensions.m */,
				A1FD25AB1C5A4E7E0070C3FF /* NSObject+PKExtensions.h */,
				A1FD25AC1C5A4E7E0070C3FF /* NSObject+PKExtensions.m */,
				A1FD25AD1C5A4E7E0070C3FF /* NSString+PKExtensions.h */,
				A1FD25AE1C5A4E7E0070C3FF /* NSString+PKExtensions.m */,
				A1FD25AF1C5A4E7E0070C3FF /* NSTimer+PKExtensions.h */,
				A1FD25B01C5A4E7E0070C3FF /* NSTimer+PKExtensions.m */,
			);
			path = Extensions;
			sourceTree = "<group>";
		};
		A1FF2AA21AF9B4260010CDFF /* PlatformKitMac */ = {
			isa = PBXGroup;
			children = (
				A1FF2AA51AF9B4260010CDFF /* PlatformKitMac.h */,
				A1FF2AA31AF9B4260010CDFF /* Supporting Files */,
			);
			path = PlatformKitMac;
			sourceTree = "<group>";
		};
		A1FF2AA31AF9B4260010CDFF /* Supporting Files */ = {
			isa = PBXGroup;
			children = (
				A1FF2AA41AF9B4260010CDFF /* Info.plist */,
			);
			name = "Supporting Files";
			sourceTree = "<group>";
		};
		A1FF2AAF1AF9B4270010CDFF /* PlatformKitMacTests */ = {
			isa = PBXGroup;
			children = (
				A1FF2AB21AF9B4270010CDFF /* PlatformKitMacTests.m */,
				A1FF2AB01AF9B4270010CDFF /* Supporting Files */,
			);
			path = PlatformKitMacTests;
			sourceTree = "<group>";
		};
		A1FF2AB01AF9B4270010CDFF /* Supporting Files */ = {
			isa = PBXGroup;
			children = (
				A1FF2AB11AF9B4270010CDFF /* Info.plist */,
			);
			name = "Supporting Files";
			sourceTree = "<group>";
		};
/* End PBXGroup section */

/* Begin PBXHeadersBuildPhase section */
		A1FF2A9E1AF9B4260010CDFF /* Headers */ = {
			isa = PBXHeadersBuildPhase;
			buildActionMask = 2147483647;
			files = (
				A1FF2AA61AF9B4260010CDFF /* PlatformKitMac.h in Headers */,
			);
			runOnlyForDeploymentPostprocessing = 0;
		};
/* End PBXHeadersBuildPhase section */

/* Begin PBXNativeTarget section */
		A1B7244517160FC100D2F592 /* PlatformKit */ = {
			isa = PBXNativeTarget;
			buildConfigurationList = A1B7246B17160FC100D2F592 /* Build configuration list for PBXNativeTarget "PlatformKit" */;
			buildPhases = (
				A1B7244217160FC100D2F592 /* Sources */,
				A1B7244317160FC100D2F592 /* Frameworks */,
				A1B7244417160FC100D2F592 /* CopyFiles */,
			);
			buildRules = (
			);
			dependencies = (
			);
			name = PlatformKit;
			productName = PlatformKit;
			productReference = A1B7244617160FC100D2F592 /* libPlatformKit.a */;
			productType = "com.apple.product-type.library.static";
		};
		A1B7245617160FC100D2F592 /* PlatformKitTests */ = {
			isa = PBXNativeTarget;
			buildConfigurationList = A1B7246E17160FC100D2F592 /* Build configuration list for PBXNativeTarget "PlatformKitTests" */;
			buildPhases = (
				A1B7245217160FC100D2F592 /* Sources */,
				A1B7245317160FC100D2F592 /* Frameworks */,
				A1B7245417160FC100D2F592 /* Resources */,
			);
			buildRules = (
			);
			dependencies = (
				A1B7245E17160FC100D2F592 /* PBXTargetDependency */,
			);
			name = PlatformKitTests;
			productName = PlatformKitTests;
			productReference = A1B7245717160FC100D2F592 /* PlatformKitTests.xctest */;
			productType = "com.apple.product-type.bundle.unit-test";
		};
		A1FF2AA01AF9B4260010CDFF /* PlatformKitMac */ = {
			isa = PBXNativeTarget;
			buildConfigurationList = A1FF2AB81AF9B4270010CDFF /* Build configuration list for PBXNativeTarget "PlatformKitMac" */;
			buildPhases = (
				A1FF2A9C1AF9B4260010CDFF /* Sources */,
				A1FF2A9D1AF9B4260010CDFF /* Frameworks */,
				A1FF2A9E1AF9B4260010CDFF /* Headers */,
				A1FF2A9F1AF9B4260010CDFF /* Resources */,
			);
			buildRules = (
			);
			dependencies = (
			);
			name = PlatformKitMac;
			productName = PlatformKitMac;
			productReference = A1FF2AA11AF9B4260010CDFF /* PlatformKitMac.framework */;
			productType = "com.apple.product-type.framework";
		};
		A1FF2AAA1AF9B4260010CDFF /* PlatformKitMacTests */ = {
			isa = PBXNativeTarget;
			buildConfigurationList = A1FF2AB91AF9B4270010CDFF /* Build configuration list for PBXNativeTarget "PlatformKitMacTests" */;
			buildPhases = (
				A1FF2AA71AF9B4260010CDFF /* Sources */,
				A1FF2AA81AF9B4260010CDFF /* Frameworks */,
				A1FF2AA91AF9B4260010CDFF /* Resources */,
			);
			buildRules = (
			);
			dependencies = (
				A1FF2AAE1AF9B4270010CDFF /* PBXTargetDependency */,
			);
			name = PlatformKitMacTests;
			productName = PlatformKitMacTests;
			productReference = A1FF2AAB1AF9B4260010CDFF /* PlatformKitMacTests.xctest */;
			productType = "com.apple.product-type.bundle.unit-test";
		};
/* End PBXNativeTarget section */

/* Begin PBXProject section */
		A1B7243E17160FC100D2F592 /* Project object */ = {
			isa = PBXProject;
			attributes = {
				LastTestingUpgradeCheck = 0510;
				LastUpgradeCheck = 0700;
				ORGANIZATIONNAME = "Thong Nguyen";
				TargetAttributes = {
					A1FF2AA01AF9B4260010CDFF = {
						CreatedOnToolsVersion = 6.3.1;
					};
					A1FF2AAA1AF9B4260010CDFF = {
						CreatedOnToolsVersion = 6.3.1;
					};
				};
			};
			buildConfigurationList = A1B7244117160FC100D2F592 /* Build configuration list for PBXProject "PlatformKit" */;
			compatibilityVersion = "Xcode 3.2";
			developmentRegion = English;
			hasScannedForEncodings = 0;
			knownRegions = (
				en,
			);
			mainGroup = A1B7243D17160FC100D2F592;
			productRefGroup = A1B7244717160FC100D2F592 /* Products */;
			projectDirPath = "";
			projectRoot = "";
			targets = (
				A1B7244517160FC100D2F592 /* PlatformKit */,
				A1B7245617160FC100D2F592 /* PlatformKitTests */,
				A1FF2AA01AF9B4260010CDFF /* PlatformKitMac */,
				A1FF2AAA1AF9B4260010CDFF /* PlatformKitMacTests */,
			);
		};
/* End PBXProject section */

/* Begin PBXResourcesBuildPhase section */
		A1B7245417160FC100D2F592 /* Resources */ = {
			isa = PBXResourcesBuildPhase;
			buildActionMask = 2147483647;
			files = (
				A1B7246517160FC100D2F592 /* InfoPlist.strings in Resources */,
			);
			runOnlyForDeploymentPostprocessing = 0;
		};
		A1FF2A9F1AF9B4260010CDFF /* Resources */ = {
			isa = PBXResourcesBuildPhase;
			buildActionMask = 2147483647;
			files = (
			);
			runOnlyForDeploymentPostprocessing = 0;
		};
		A1FF2AA91AF9B4260010CDFF /* Resources */ = {
			isa = PBXResourcesBuildPhase;
			buildActionMask = 2147483647;
			files = (
			);
			runOnlyForDeploymentPostprocessing = 0;
		};
/* End PBXResourcesBuildPhase section */

/* Begin PBXSourcesBuildPhase section */
		A1B7244217160FC100D2F592 /* Sources */ = {
			isa = PBXSourcesBuildPhase;
			buildActionMask = 2147483647;
			files = (
				A1FD25CD1C5A4E7E0070C3FF /* PKTimeSpan.m in Sources */,
				A1FD25CB1C5A4E7E0070C3FF /* PKMulticastDelegate.m in Sources */,
				A1FD25BF1C5A4E7E0070C3FF /* NSMutableArray+PKExtensions.m in Sources */,
				A1FD25C51C5A4E7E0070C3FF /* NSObject+PKExtensions.m in Sources */,
				A1FD259A1C5A4A890070C3FF /* PKChordGestureRecognizer.m in Sources */,
				A1FD25BD1C5A4E7E0070C3FF /* NSDictionary+PKExtensions.m in Sources */,
				A1FD25C91C5A4E7E0070C3FF /* NSTimer+PKExtensions.m in Sources */,
				A1FD25CF1C5A4E7E0070C3FF /* PKUUID.m in Sources */,
				A1FD25C71C5A4E7E0070C3FF /* NSString+PKExtensions.m in Sources */,
				A1FD25C31C5A4E7E0070C3FF /* NSMutableSet+PKExtensions.m in Sources */,
				A1FD25BB1C5A4E7E0070C3FF /* NSData+PKExtensions.m in Sources */,
				A1FD25B91C5A4E7E0070C3FF /* NSArray+PKExtensions.m in Sources */,
				A1FD25971C5A47D20070C3FF /* PKWebServiceClient.m in Sources */,
				A1FD25C11C5A4E7E0070C3FF /* NSMutableDictionary+PKExtensions.m in Sources */,
			);
			runOnlyForDeploymentPostprocessing = 0;
		};
		A1B7245217160FC100D2F592 /* Sources */ = {
			isa = PBXSourcesBuildPhase;
			buildActionMask = 2147483647;
			files = (
				A1FD25C61C5A4E7E0070C3FF /* NSObject+PKExtensions.m in Sources */,
				A1FD25D01C5A4E7E0070C3FF /* PKUUID.m in Sources */,
				A1B7246817160FC100D2F592 /* PlatformKitTests.m in Sources */,
				A1FD25C81C5A4E7E0070C3FF /* NSString+PKExtensions.m in Sources */,
				A1FD25BA1C5A4E7E0070C3FF /* NSArray+PKExtensions.m in Sources */,
				A1FD25CC1C5A4E7E0070C3FF /* PKMulticastDelegate.m in Sources */,
				A1FD25C21C5A4E7E0070C3FF /* NSMutableDictionary+PKExtensions.m in Sources */,
				A1FD25CA1C5A4E7E0070C3FF /* NSTimer+PKExtensions.m in Sources */,
				A1FD25C41C5A4E7E0070C3FF /* NSMutableSet+PKExtensions.m in Sources */,
				A1FD25BC1C5A4E7E0070C3FF /* NSData+PKExtensions.m in Sources */,
				A1FD25C01C5A4E7E0070C3FF /* NSMutableArray+PKExtensions.m in Sources */,
				A1FD25BE1C5A4E7E0070C3FF /* NSDictionary+PKExtensions.m in Sources */,
				A1FD25CE1C5A4E7E0070C3FF /* PKTimeSpan.m in Sources */,
			);
			runOnlyForDeploymentPostprocessing = 0;
		};
		A1FF2A9C1AF9B4260010CDFF /* Sources */ = {
			isa = PBXSourcesBuildPhase;
			buildActionMask = 2147483647;
			files = (
			);
			runOnlyForDeploymentPostprocessing = 0;
		};
		A1FF2AA71AF9B4260010CDFF /* Sources */ = {
			isa = PBXSourcesBuildPhase;
			buildActionMask = 2147483647;
			files = (
				A1FF2AB31AF9B4270010CDFF /* PlatformKitMacTests.m in Sources */,
			);
			runOnlyForDeploymentPostprocessing = 0;
		};
/* End PBXSourcesBuildPhase section */

/* Begin PBXTargetDependency section */
		A1B7245E17160FC100D2F592 /* PBXTargetDependency */ = {
			isa = PBXTargetDependency;
			target = A1B7244517160FC100D2F592 /* PlatformKit */;
			targetProxy = A1B7245D17160FC100D2F592 /* PBXContainerItemProxy */;
		};
		A1FF2AAE1AF9B4270010CDFF /* PBXTargetDependency */ = {
			isa = PBXTargetDependency;
			target = A1FF2AA01AF9B4260010CDFF /* PlatformKitMac */;
			targetProxy = A1FF2AAD1AF9B4270010CDFF /* PBXContainerItemProxy */;
		};
/* End PBXTargetDependency section */

/* Begin PBXVariantGroup section */
		A1B7246317160FC100D2F592 /* InfoPlist.strings */ = {
			isa = PBXVariantGroup;
			children = (
				A1B7246417160FC100D2F592 /* en */,
			);
			name = InfoPlist.strings;
			sourceTree = "<group>";
		};
/* End PBXVariantGroup section */

/* Begin XCBuildConfiguration section */
		A1B7246917160FC100D2F592 /* Debug */ = {
			isa = XCBuildConfiguration;
			buildSettings = {
				ALWAYS_SEARCH_USER_PATHS = NO;
				CLANG_CXX_LANGUAGE_STANDARD = "gnu++0x";
				CLANG_CXX_LIBRARY = "libc++";
				CLANG_ENABLE_OBJC_ARC = YES;
				CLANG_WARN_CONSTANT_CONVERSION = YES;
				CLANG_WARN_EMPTY_BODY = YES;
				CLANG_WARN_ENUM_CONVERSION = YES;
				CLANG_WARN_INT_CONVERSION = YES;
				CLANG_WARN__DUPLICATE_METHOD_MATCH = YES;
				CODE_SIGN_IDENTITY = "iPhone Developer";
				COPY_PHASE_STRIP = NO;
				ENABLE_TESTABILITY = YES;
				GCC_C_LANGUAGE_STANDARD = gnu99;
				GCC_DYNAMIC_NO_PIC = NO;
				GCC_OPTIMIZATION_LEVEL = 0;
				GCC_PREPROCESSOR_DEFINITIONS = (
					"DEBUG=1",
					"$(inherited)",
				);
				GCC_SYMBOLS_PRIVATE_EXTERN = NO;
				GCC_WARN_ABOUT_RETURN_TYPE = YES;
				GCC_WARN_UNINITIALIZED_AUTOS = YES;
				GCC_WARN_UNUSED_VARIABLE = YES;
				IPHONEOS_DEPLOYMENT_TARGET = 5.0;
				ONLY_ACTIVE_ARCH = YES;
				SDKROOT = iphoneos;
			};
			name = Debug;
		};
		A1B7246A17160FC100D2F592 /* Release */ = {
			isa = XCBuildConfiguration;
			buildSettings = {
				ALWAYS_SEARCH_USER_PATHS = NO;
				CLANG_CXX_LANGUAGE_STANDARD = "gnu++0x";
				CLANG_CXX_LIBRARY = "libc++";
				CLANG_ENABLE_OBJC_ARC = YES;
				CLANG_WARN_CONSTANT_CONVERSION = YES;
				CLANG_WARN_EMPTY_BODY = YES;
				CLANG_WARN_ENUM_CONVERSION = YES;
				CLANG_WARN_INT_CONVERSION = YES;
				CLANG_WARN__DUPLICATE_METHOD_MATCH = YES;
				CODE_SIGN_IDENTITY = "iPhone Developer";
				COPY_PHASE_STRIP = YES;
				ENABLE_TESTABILITY = YES;
				GCC_C_LANGUAGE_STANDARD = gnu99;
				GCC_WARN_ABOUT_RETURN_TYPE = YES;
				GCC_WARN_UNINITIALIZED_AUTOS = YES;
				GCC_WARN_UNUSED_VARIABLE = YES;
				IPHONEOS_DEPLOYMENT_TARGET = 5.0;
				SDKROOT = iphoneos;
				VALIDATE_PRODUCT = YES;
			};
			name = Release;
		};
		A1B7246C17160FC100D2F592 /* Debug */ = {
			isa = XCBuildConfiguration;
			buildSettings = {
				DSTROOT = /tmp/PlatformKit.dst;
				GCC_PRECOMPILE_PREFIX_HEADER = NO;
				GCC_PREFIX_HEADER = "";
				OTHER_LDFLAGS = "-ObjC";
				PRODUCT_NAME = "$(TARGET_NAME)";
				SKIP_INSTALL = YES;
				SUPPORTED_PLATFORMS = "iphonesimulator iphoneos watchsimulator watchos";
			};
			name = Debug;
		};
		A1B7246D17160FC100D2F592 /* Release */ = {
			isa = XCBuildConfiguration;
			buildSettings = {
				DSTROOT = /tmp/PlatformKit.dst;
				GCC_PRECOMPILE_PREFIX_HEADER = NO;
				GCC_PREFIX_HEADER = "";
				OTHER_LDFLAGS = "-ObjC";
				PRODUCT_NAME = "$(TARGET_NAME)";
				SKIP_INSTALL = YES;
				SUPPORTED_PLATFORMS = "iphonesimulator iphoneos watchsimulator watchos";
			};
			name = Release;
		};
		A1B7246F17160FC100D2F592 /* Debug */ = {
			isa = XCBuildConfiguration;
			buildSettings = {
				ENABLE_TESTABILITY = YES;
				FRAMEWORK_SEARCH_PATHS = (
					"\"$(DEVELOPER_LIBRARY_DIR)/Frameworks\"",
					"$(inherited)",
				);
				GCC_PRECOMPILE_PREFIX_HEADER = NO;
				GCC_PREFIX_HEADER = "";
				INFOPLIST_FILE = "PlatformKitTests/PlatformKitTests-Info.plist";
				PRODUCT_BUNDLE_IDENTIFIER = "com.abstractpath.${PRODUCT_NAME:rfc1034identifier}";
				PRODUCT_NAME = "$(TARGET_NAME)";
			};
			name = Debug;
		};
		A1B7247017160FC100D2F592 /* Release */ = {
			isa = XCBuildConfiguration;
			buildSettings = {
				ENABLE_TESTABILITY = YES;
				FRAMEWORK_SEARCH_PATHS = (
					"\"$(DEVELOPER_LIBRARY_DIR)/Frameworks\"",
					"$(inherited)",
				);
				GCC_PRECOMPILE_PREFIX_HEADER = NO;
				GCC_PREFIX_HEADER = "";
				INFOPLIST_FILE = "PlatformKitTests/PlatformKitTests-Info.plist";
				PRODUCT_BUNDLE_IDENTIFIER = "com.abstractpath.${PRODUCT_NAME:rfc1034identifier}";
				PRODUCT_NAME = "$(TARGET_NAME)";
			};
			name = Release;
		};
		A1FF2AB41AF9B4270010CDFF /* Debug */ = {
			isa = XCBuildConfiguration;
			buildSettings = {
				CLANG_ENABLE_MODULES = YES;
				CLANG_WARN_BOOL_CONVERSION = YES;
				CLANG_WARN_DIRECT_OBJC_ISA_USAGE = YES_ERROR;
				CLANG_WARN_OBJC_ROOT_CLASS = YES_ERROR;
				CLANG_WARN_UNREACHABLE_CODE = YES;
				COMBINE_HIDPI_IMAGES = YES;
				CURRENT_PROJECT_VERSION = 1;
				DEBUG_INFORMATION_FORMAT = dwarf;
				DEFINES_MODULE = YES;
				DYLIB_COMPATIBILITY_VERSION = 1;
				DYLIB_CURRENT_VERSION = 1;
				DYLIB_INSTALL_NAME_BASE = "@rpath";
				ENABLE_STRICT_OBJC_MSGSEND = YES;
				FRAMEWORK_VERSION = A;
				GCC_NO_COMMON_BLOCKS = YES;
				GCC_PREPROCESSOR_DEFINITIONS = (
					"DEBUG=1",
					"$(inherited)",
				);
				GCC_WARN_64_TO_32_BIT_CONVERSION = YES;
				GCC_WARN_ABOUT_RETURN_TYPE = YES_ERROR;
				GCC_WARN_UNDECLARED_SELECTOR = YES;
				GCC_WARN_UNINITIALIZED_AUTOS = YES_AGGRESSIVE;
				GCC_WARN_UNUSED_FUNCTION = YES;
				INFOPLIST_FILE = PlatformKitMac/Info.plist;
				INSTALL_PATH = "$(LOCAL_LIBRARY_DIR)/Frameworks";
				LD_RUNPATH_SEARCH_PATHS = "$(inherited) @executable_path/../Frameworks @loader_path/Frameworks";
				MACOSX_DEPLOYMENT_TARGET = 10.10;
				MTL_ENABLE_DEBUG_INFO = YES;
				PRODUCT_BUNDLE_IDENTIFIER = "kingstreetapps.$(PRODUCT_NAME:rfc1034identifier)";
				PRODUCT_NAME = "$(TARGET_NAME)";
				SDKROOT = macosx;
				SKIP_INSTALL = YES;
				VERSIONING_SYSTEM = "apple-generic";
				VERSION_INFO_PREFIX = "";
			};
			name = Debug;
		};
		A1FF2AB51AF9B4270010CDFF /* Release */ = {
			isa = XCBuildConfiguration;
			buildSettings = {
				CLANG_ENABLE_MODULES = YES;
				CLANG_WARN_BOOL_CONVERSION = YES;
				CLANG_WARN_DIRECT_OBJC_ISA_USAGE = YES_ERROR;
				CLANG_WARN_OBJC_ROOT_CLASS = YES_ERROR;
				CLANG_WARN_UNREACHABLE_CODE = YES;
				COMBINE_HIDPI_IMAGES = YES;
				COPY_PHASE_STRIP = NO;
				CURRENT_PROJECT_VERSION = 1;
				DEBUG_INFORMATION_FORMAT = "dwarf-with-dsym";
				DEFINES_MODULE = YES;
				DYLIB_COMPATIBILITY_VERSION = 1;
				DYLIB_CURRENT_VERSION = 1;
				DYLIB_INSTALL_NAME_BASE = "@rpath";
				ENABLE_NS_ASSERTIONS = NO;
				ENABLE_STRICT_OBJC_MSGSEND = YES;
				FRAMEWORK_VERSION = A;
				GCC_NO_COMMON_BLOCKS = YES;
				GCC_WARN_64_TO_32_BIT_CONVERSION = YES;
				GCC_WARN_ABOUT_RETURN_TYPE = YES_ERROR;
				GCC_WARN_UNDECLARED_SELECTOR = YES;
				GCC_WARN_UNINITIALIZED_AUTOS = YES_AGGRESSIVE;
				GCC_WARN_UNUSED_FUNCTION = YES;
				INFOPLIST_FILE = PlatformKitMac/Info.plist;
				INSTALL_PATH = "$(LOCAL_LIBRARY_DIR)/Frameworks";
				LD_RUNPATH_SEARCH_PATHS = "$(inherited) @executable_path/../Frameworks @loader_path/Frameworks";
				MACOSX_DEPLOYMENT_TARGET = 10.10;
				MTL_ENABLE_DEBUG_INFO = NO;
				PRODUCT_BUNDLE_IDENTIFIER = "kingstreetapps.$(PRODUCT_NAME:rfc1034identifier)";
				PRODUCT_NAME = "$(TARGET_NAME)";
				SDKROOT = macosx;
				SKIP_INSTALL = YES;
				VERSIONING_SYSTEM = "apple-generic";
				VERSION_INFO_PREFIX = "";
			};
			name = Release;
		};
		A1FF2AB61AF9B4270010CDFF /* Debug */ = {
			isa = XCBuildConfiguration;
			buildSettings = {
				CLANG_ENABLE_MODULES = YES;
				CLANG_WARN_BOOL_CONVERSION = YES;
				CLANG_WARN_DIRECT_OBJC_ISA_USAGE = YES_ERROR;
				CLANG_WARN_OBJC_ROOT_CLASS = YES_ERROR;
				CLANG_WARN_UNREACHABLE_CODE = YES;
				COMBINE_HIDPI_IMAGES = YES;
				DEBUG_INFORMATION_FORMAT = dwarf;
				ENABLE_STRICT_OBJC_MSGSEND = YES;
				FRAMEWORK_SEARCH_PATHS = (
					"$(DEVELOPER_FRAMEWORKS_DIR)",
					"$(inherited)",
				);
				GCC_NO_COMMON_BLOCKS = YES;
				GCC_PREPROCESSOR_DEFINITIONS = (
					"DEBUG=1",
					"$(inherited)",
				);
				GCC_WARN_64_TO_32_BIT_CONVERSION = YES;
				GCC_WARN_ABOUT_RETURN_TYPE = YES_ERROR;
				GCC_WARN_UNDECLARED_SELECTOR = YES;
				GCC_WARN_UNINITIALIZED_AUTOS = YES_AGGRESSIVE;
				GCC_WARN_UNUSED_FUNCTION = YES;
				INFOPLIST_FILE = PlatformKitMacTests/Info.plist;
				LD_RUNPATH_SEARCH_PATHS = "$(inherited) @executable_path/../Frameworks @loader_path/../Frameworks";
				MACOSX_DEPLOYMENT_TARGET = 10.10;
				MTL_ENABLE_DEBUG_INFO = YES;
				PRODUCT_BUNDLE_IDENTIFIER = "kingstreetapps.$(PRODUCT_NAME:rfc1034identifier)";
				PRODUCT_NAME = "$(TARGET_NAME)";
				SDKROOT = macosx;
			};
			name = Debug;
		};
		A1FF2AB71AF9B4270010CDFF /* Release */ = {
			isa = XCBuildConfiguration;
			buildSettings = {
				CLANG_ENABLE_MODULES = YES;
				CLANG_WARN_BOOL_CONVERSION = YES;
				CLANG_WARN_DIRECT_OBJC_ISA_USAGE = YES_ERROR;
				CLANG_WARN_OBJC_ROOT_CLASS = YES_ERROR;
				CLANG_WARN_UNREACHABLE_CODE = YES;
				COMBINE_HIDPI_IMAGES = YES;
				COPY_PHASE_STRIP = NO;
				DEBUG_INFORMATION_FORMAT = "dwarf-with-dsym";
				ENABLE_NS_ASSERTIONS = NO;
				ENABLE_STRICT_OBJC_MSGSEND = YES;
				FRAMEWORK_SEARCH_PATHS = (
					"$(DEVELOPER_FRAMEWORKS_DIR)",
					"$(inherited)",
				);
				GCC_NO_COMMON_BLOCKS = YES;
				GCC_WARN_64_TO_32_BIT_CONVERSION = YES;
				GCC_WARN_ABOUT_RETURN_TYPE = YES_ERROR;
				GCC_WARN_UNDECLARED_SELECTOR = YES;
				GCC_WARN_UNINITIALIZED_AUTOS = YES_AGGRESSIVE;
				GCC_WARN_UNUSED_FUNCTION = YES;
				INFOPLIST_FILE = PlatformKitMacTests/Info.plist;
				LD_RUNPATH_SEARCH_PATHS = "$(inherited) @executable_path/../Frameworks @loader_path/../Frameworks";
				MACOSX_DEPLOYMENT_TARGET = 10.10;
				MTL_ENABLE_DEBUG_INFO = NO;
				PRODUCT_BUNDLE_IDENTIFIER = "kingstreetapps.$(PRODUCT_NAME:rfc1034identifier)";
				PRODUCT_NAME = "$(TARGET_NAME)";
				SDKROOT = macosx;
			};
			name = Release;
		};
/* End XCBuildConfiguration section */

/* Begin XCConfigurationList section */
		A1B7244117160FC100D2F592 /* Build configuration list for PBXProject "PlatformKit" */ = {
			isa = XCConfigurationList;
			buildConfigurations = (
				A1B7246917160FC100D2F592 /* Debug */,
				A1B7246A17160FC100D2F592 /* Release */,
			);
			defaultConfigurationIsVisible = 0;
			defaultConfigurationName = Release;
		};
		A1B7246B17160FC100D2F592 /* Build configuration list for PBXNativeTarget "PlatformKit" */ = {
			isa = XCConfigurationList;
			buildConfigurations = (
				A1B7246C17160FC100D2F592 /* Debug */,
				A1B7246D17160FC100D2F592 /* Release */,
			);
			defaultConfigurationIsVisible = 0;
			defaultConfigurationName = Release;
		};
		A1B7246E17160FC100D2F592 /* Build configuration list for PBXNativeTarget "PlatformKitTests" */ = {
			isa = XCConfigurationList;
			buildConfigurations = (
				A1B7246F17160FC100D2F592 /* Debug */,
				A1B7247017160FC100D2F592 /* Release */,
			);
			defaultConfigurationIsVisible = 0;
			defaultConfigurationName = Release;
		};
		A1FF2AB81AF9B4270010CDFF /* Build configuration list for PBXNativeTarget "PlatformKitMac" */ = {
			isa = XCConfigurationList;
			buildConfigurations = (
				A1FF2AB41AF9B4270010CDFF /* Debug */,
				A1FF2AB51AF9B4270010CDFF /* Release */,
			);
			defaultConfigurationIsVisible = 0;
			defaultConfigurationName = Release;
		};
		A1FF2AB91AF9B4270010CDFF /* Build configuration list for PBXNativeTarget "PlatformKitMacTests" */ = {
			isa = XCConfigurationList;
			buildConfigurations = (
				A1FF2AB61AF9B4270010CDFF /* Debug */,
				A1FF2AB71AF9B4270010CDFF /* Release */,
			);
			defaultConfigurationIsVisible = 0;
			defaultConfigurationName = Release;
		};
/* End XCConfigurationList section */
	};
	rootObject = A1B7243E17160FC100D2F592 /* Project object */;
}
